{
  "nodes": {
    "nixpkgs": {
      "locked": {
        "lastModified": 1723154630,
        "narHash": "sha256-TzJYH95nF27y/RGSCGjEu2+OX4TAFdo/HTBx3fabnvM=",
        "owner": "NixOS",
        "repo": "nixpkgs",
        "rev": "417d7213447540319ff280b004460e9a06859045",
        "type": "github"
      },
      "original": {
        "owner": "NixOS",
        "ref": "master",
        "repo": "nixpkgs",
        "type": "github"
      }
    },
    "root": {
      "inputs": {
        "nixpkgs": "nixpkgs"
      }
    }
  },
  "root": "root",
  "version": 7
}
